
Microsoft Visual Studio Solution File, Format Version 12.00
# Visual Studio 14
VisualStudioVersion = 14.0.24720.0
MinimumVisualStudioVersion = 10.0.40219.1
Project("{FAE04EC0-301F-11D3-BF4B-00C04F79EFBC}") = "VFramework.Droid", "VFramework\VFramework.Droid\VFramework.Droid.csproj", "{B40A4DF3-83D6-41A0-A2BD-2EDED8A01C74}"
EndProject
Project("{FAE04EC0-301F-11D3-BF4B-00C04F79EFBC}") = "VFramework.iOS", "VFramework\VFramework.iOS\VFramework.iOS.csproj", "{E2ABF5DB-A49E-4919-9A16-995D4CBB91D7}"
EndProject
Project("{FAE04EC0-301F-11D3-BF4B-00C04F79EFBC}") = "VFramework.WinPhone", "VFramework\VFramework.WinPhone\VFramework.WinPhone.csproj", "{004C7E6F-11EB-4FAA-BE8A-C4A8B9BA7E5B}"
EndProject
Project("{FAE04EC0-301F-11D3-BF4B-00C04F79EFBC}") = "VFramework", "VFramework\VFramework\VFramework.csproj", "{1DA77BCE-C114-4D23-9197-D0379D71E377}"
EndProject
Global
	GlobalSection(SolutionConfigurationPlatforms) = preSolution
		Ad-Hoc|Any CPU = Ad-Hoc|Any CPU
		Ad-Hoc|ARM = Ad-Hoc|ARM
		Ad-Hoc|iPhone = Ad-Hoc|iPhone
		Ad-Hoc|iPhoneSimulator = Ad-Hoc|iPhoneSimulator
		Ad-Hoc|x86 = Ad-Hoc|x86
		AppStore|Any CPU = AppStore|Any CPU
		AppStore|ARM = AppStore|ARM
		AppStore|iPhone = AppStore|iPhone
		AppStore|iPhoneSimulator = AppStore|iPhoneSimulator
		AppStore|x86 = AppStore|x86
		Debug|Any CPU = Debug|Any CPU
		Debug|ARM = Debug|ARM
		Debug|iPhone = Debug|iPhone
		Debug|iPhoneSimulator = Debug|iPhoneSimulator
		Debug|x86 = Debug|x86
		Release|Any CPU = Release|Any CPU
		Release|ARM = Release|ARM
		Release|iPhone = Release|iPhone
		Release|iPhoneSimulator = Release|iPhoneSimulator
		Release|x86 = Release|x86
	EndGlobalSection
	GlobalSection(ProjectConfigurationPlatforms) = postSolution
		{B40A4DF3-83D6-41A0-A2BD-2EDED8A01C74}.Ad-Hoc|Any CPU.ActiveCfg = Release|Any CPU
		{B40A4DF3-83D6-41A0-A2BD-2EDED8A01C74}.Ad-Hoc|Any CPU.Build.0 = Release|Any CPU
		{B40A4DF3-83D6-41A0-A2BD-2EDED8A01C74}.Ad-Hoc|Any CPU.Deploy.0 = Release|Any CPU
		{B40A4DF3-83D6-41A0-A2BD-2EDED8A01C74}.Ad-Hoc|ARM.ActiveCfg = Release|Any CPU
		{B40A4DF3-83D6-41A0-A2BD-2EDED8A01C74}.Ad-Hoc|ARM.Build.0 = Release|Any CPU
		{B40A4DF3-83D6-41A0-A2BD-2EDED8A01C74}.Ad-Hoc|ARM.Deploy.0 = Release|Any CPU
		{B40A4DF3-83D6-41A0-A2BD-2EDED8A01C74}.Ad-Hoc|iPhone.ActiveCfg = Release|Any CPU
		{B40A4DF3-83D6-41A0-A2BD-2EDED8A01C74}.Ad-Hoc|iPhone.Build.0 = Release|Any CPU
		{B40A4DF3-83D6-41A0-A2BD-2EDED8A01C74}.Ad-Hoc|iPhone.Deploy.0 = Release|Any CPU
		{B40A4DF3-83D6-41A0-A2BD-2EDED8A01C74}.Ad-Hoc|iPhoneSimulator.ActiveCfg = Release|Any CPU
		{B40A4DF3-83D6-41A0-A2BD-2EDED8A01C74}.Ad-Hoc|iPhoneSimulator.Build.0 = Release|Any CPU
		{B40A4DF3-83D6-41A0-A2BD-2EDED8A01C74}.Ad-Hoc|iPhoneSimulator.Deploy.0 = Release|Any CPU
		{B40A4DF3-83D6-41A0-A2BD-2EDED8A01C74}.Ad-Hoc|x86.ActiveCfg = Release|Any CPU
		{B40A4DF3-83D6-41A0-A2BD-2EDED8A01C74}.Ad-Hoc|x86.Build.0 = Release|Any CPU
		{B40A4DF3-83D6-41A0-A2BD-2EDED8A01C74}.Ad-Hoc|x86.Deploy.0 = Release|Any CPU
		{B40A4DF3-83D6-41A0-A2BD-2EDED8A01C74}.AppStore|Any CPU.ActiveCfg = Release|Any CPU
		{B40A4DF3-83D6-41A0-A2BD-2EDED8A01C74}.AppStore|Any CPU.Build.0 = Release|Any CPU
		{B40A4DF3-83D6-41A0-A2BD-2EDED8A01C74}.AppStore|Any CPU.Deploy.0 = Release|Any CPU
		{B40A4DF3-83D6-41A0-A2BD-2EDED8A01C74}.AppStore|ARM.ActiveCfg = Release|Any CPU
		{B40A4DF3-83D6-41A0-A2BD-2EDED8A01C74}.AppStore|ARM.Build.0 = Release|Any CPU
		{B40A4DF3-83D6-41A0-A2BD-2EDED8A01C74}.AppStore|ARM.Deploy.0 = Release|Any CPU
		{B40A4DF3-83D6-41A0-A2BD-2EDED8A01C74}.AppStore|iPhone.ActiveCfg = Release|Any CPU
		{B40A4DF3-83D6-41A0-A2BD-2EDED8A01C74}.AppStore|iPhone.Build.0 = Release|Any CPU
		{B40A4DF3-83D6-41A0-A2BD-2EDED8A01C74}.AppStore|iPhone.Deploy.0 = Release|Any CPU
		{B40A4DF3-83D6-41A0-A2BD-2EDED8A01C74}.AppStore|iPhoneSimulator.ActiveCfg = Release|Any CPU
		{B40A4DF3-83D6-41A0-A2BD-2EDED8A01C74}.AppStore|iPhoneSimulator.Build.0 = Release|Any CPU
		{B40A4DF3-83D6-41A0-A2BD-2EDED8A01C74}.AppStore|iPhoneSimulator.Deploy.0 = Release|Any CPU
		{B40A4DF3-83D6-41A0-A2BD-2EDED8A01C74}.AppStore|x86.ActiveCfg = Release|Any CPU
		{B40A4DF3-83D6-41A0-A2BD-2EDED8A01C74}.AppStore|x86.Build.0 = Release|Any CPU
		{B40A4DF3-83D6-41A0-A2BD-2EDED8A01C74}.AppStore|x86.Deploy.0 = Release|Any CPU
		{B40A4DF3-83D6-41A0-A2BD-2EDED8A01C74}.Debug|Any CPU.ActiveCfg = Debug|Any CPU
		{B40A4DF3-83D6-41A0-A2BD-2EDED8A01C74}.Debug|Any CPU.Build.0 = Debug|Any CPU
		{B40A4DF3-83D6-41A0-A2BD-2EDED8A01C74}.Debug|Any CPU.Deploy.0 = Debug|Any CPU
		{B40A4DF3-83D6-41A0-A2BD-2EDED8A01C74}.Debug|ARM.ActiveCfg = Debug|Any CPU
		{B40A4DF3-83D6-41A0-A2BD-2EDED8A01C74}.Debug|ARM.Build.0 = Debug|Any CPU
		{B40A4DF3-83D6-41A0-A2BD-2EDED8A01C74}.Debug|ARM.Deploy.0 = Debug|Any CPU
		{B40A4DF3-83D6-41A0-A2BD-2EDED8A01C74}.Debug|iPhone.ActiveCfg = Debug|Any CPU
		{B40A4DF3-83D6-41A0-A2BD-2EDED8A01C74}.Debug|iPhone.Build.0 = Debug|Any CPU
		{B40A4DF3-83D6-41A0-A2BD-2EDED8A01C74}.Debug|iPhone.Deploy.0 = Debug|Any CPU
		{B40A4DF3-83D6-41A0-A2BD-2EDED8A01C74}.Debug|iPhoneSimulator.ActiveCfg = Debug|Any CPU
		{B40A4DF3-83D6-41A0-A2BD-2EDED8A01C74}.Debug|iPhoneSimulator.Build.0 = Debug|Any CPU
		{B40A4DF3-83D6-41A0-A2BD-2EDED8A01C74}.Debug|iPhoneSimulator.Deploy.0 = Debug|Any CPU
		{B40A4DF3-83D6-41A0-A2BD-2EDED8A01C74}.Debug|x86.ActiveCfg = Debug|Any CPU
		{B40A4DF3-83D6-41A0-A2BD-2EDED8A01C74}.Debug|x86.Build.0 = Debug|Any CPU
		{B40A4DF3-83D6-41A0-A2BD-2EDED8A01C74}.Debug|x86.Deploy.0 = Debug|Any CPU
		{B40A4DF3-83D6-41A0-A2BD-2EDED8A01C74}.Release|Any CPU.ActiveCfg = Release|Any CPU
		{B40A4DF3-83D6-41A0-A2BD-2EDED8A01C74}.Release|Any CPU.Build.0 = Release|Any CPU
		{B40A4DF3-83D6-41A0-A2BD-2EDED8A01C74}.Release|Any CPU.Deploy.0 = Release|Any CPU
		{B40A4DF3-83D6-41A0-A2BD-2EDED8A01C74}.Release|ARM.ActiveCfg = Release|Any CPU
		{B40A4DF3-83D6-41A0-A2BD-2EDED8A01C74}.Release|ARM.Build.0 = Release|Any CPU
		{B40A4DF3-83D6-41A0-A2BD-2EDED8A01C74}.Release|ARM.Deploy.0 = Release|Any CPU
		{B40A4DF3-83D6-41A0-A2BD-2EDED8A01C74}.Release|iPhone.ActiveCfg = Release|Any CPU
		{B40A4DF3-83D6-41A0-A2BD-2EDED8A01C74}.Release|iPhone.Build.0 = Release|Any CPU
		{B40A4DF3-83D6-41A0-A2BD-2EDED8A01C74}.Release|iPhone.Deploy.0 = Release|Any CPU
		{B40A4DF3-83D6-41A0-A2BD-2EDED8A01C74}.Release|iPhoneSimulator.ActiveCfg = Release|Any CPU
		{B40A4DF3-83D6-41A0-A2BD-2EDED8A01C74}.Release|iPhoneSimulator.Build.0 = Release|Any CPU
		{B40A4DF3-83D6-41A0-A2BD-2EDED8A01C74}.Release|iPhoneSimulator.Deploy.0 = Release|Any CPU
		{B40A4DF3-83D6-41A0-A2BD-2EDED8A01C74}.Release|x86.ActiveCfg = Release|Any CPU
		{B40A4DF3-83D6-41A0-A2BD-2EDED8A01C74}.Release|x86.Build.0 = Release|Any CPU
		{B40A4DF3-83D6-41A0-A2BD-2EDED8A01C74}.Release|x86.Deploy.0 = Release|Any CPU
		{E2ABF5DB-A49E-4919-9A16-995D4CBB91D7}.Ad-Hoc|Any CPU.ActiveCfg = Ad-Hoc|iPhone
		{E2ABF5DB-A49E-4919-9A16-995D4CBB91D7}.Ad-Hoc|ARM.ActiveCfg = Ad-Hoc|iPhone
		{E2ABF5DB-A49E-4919-9A16-995D4CBB91D7}.Ad-Hoc|iPhone.ActiveCfg = Ad-Hoc|iPhone
		{E2ABF5DB-A49E-4919-9A16-995D4CBB91D7}.Ad-Hoc|iPhone.Build.0 = Ad-Hoc|iPhone
		{E2ABF5DB-A49E-4919-9A16-995D4CBB91D7}.Ad-Hoc|iPhoneSimulator.ActiveCfg = Ad-Hoc|iPhoneSimulator
		{E2ABF5DB-A49E-4919-9A16-995D4CBB91D7}.Ad-Hoc|iPhoneSimulator.Build.0 = Ad-Hoc|iPhoneSimulator
		{E2ABF5DB-A49E-4919-9A16-995D4CBB91D7}.Ad-Hoc|x86.ActiveCfg = Ad-Hoc|iPhone
		{E2ABF5DB-A49E-4919-9A16-995D4CBB91D7}.AppStore|Any CPU.ActiveCfg = AppStore|iPhone
		{E2ABF5DB-A49E-4919-9A16-995D4CBB91D7}.AppStore|ARM.ActiveCfg = AppStore|iPhone
		{E2ABF5DB-A49E-4919-9A16-995D4CBB91D7}.AppStore|iPhone.ActiveCfg = AppStore|iPhone
		{E2ABF5DB-A49E-4919-9A16-995D4CBB91D7}.AppStore|iPhone.Build.0 = AppStore|iPhone
		{E2ABF5DB-A49E-4919-9A16-995D4CBB91D7}.AppStore|iPhoneSimulator.ActiveCfg = AppStore|iPhoneSimulator
		{E2ABF5DB-A49E-4919-9A16-995D4CBB91D7}.AppStore|iPhoneSimulator.Build.0 = AppStore|iPhoneSimulator
		{E2ABF5DB-A49E-4919-9A16-995D4CBB91D7}.AppStore|x86.ActiveCfg = AppStore|iPhone
		{E2ABF5DB-A49E-4919-9A16-995D4CBB91D7}.Debug|Any CPU.ActiveCfg = Debug|iPhone
		{E2ABF5DB-A49E-4919-9A16-995D4CBB91D7}.Debug|ARM.ActiveCfg = Debug|iPhone
		{E2ABF5DB-A49E-4919-9A16-995D4CBB91D7}.Debug|iPhone.ActiveCfg = Debug|iPhone
		{E2ABF5DB-A49E-4919-9A16-995D4CBB91D7}.Debug|iPhone.Build.0 = Debug|iPhone
		{E2ABF5DB-A49E-4919-9A16-995D4CBB91D7}.Debug|iPhoneSimulator.ActiveCfg = Debug|iPhoneSimulator
		{E2ABF5DB-A49E-4919-9A16-995D4CBB91D7}.Debug|iPhoneSimulator.Build.0 = Debug|iPhoneSimulator
		{E2ABF5DB-A49E-4919-9A16-995D4CBB91D7}.Debug|x86.ActiveCfg = Debug|iPhone
		{E2ABF5DB-A49E-4919-9A16-995D4CBB91D7}.Release|Any CPU.ActiveCfg = Release|iPhone
		{E2ABF5DB-A49E-4919-9A16-995D4CBB91D7}.Release|ARM.ActiveCfg = Release|iPhone
		{E2ABF5DB-A49E-4919-9A16-995D4CBB91D7}.Release|iPhone.ActiveCfg = Release|iPhone
		{E2ABF5DB-A49E-4919-9A16-995D4CBB91D7}.Release|iPhone.Build.0 = Release|iPhone
		{E2ABF5DB-A49E-4919-9A16-995D4CBB91D7}.Release|iPhoneSimulator.ActiveCfg = Release|iPhoneSimulator
		{E2ABF5DB-A49E-4919-9A16-995D4CBB91D7}.Release|iPhoneSimulator.Build.0 = Release|iPhoneSimulator
		{E2ABF5DB-A49E-4919-9A16-995D4CBB91D7}.Release|x86.ActiveCfg = Release|iPhone
		{004C7E6F-11EB-4FAA-BE8A-C4A8B9BA7E5B}.Ad-Hoc|Any CPU.ActiveCfg = Release|Any CPU
		{004C7E6F-11EB-4FAA-BE8A-C4A8B9BA7E5B}.Ad-Hoc|Any CPU.Build.0 = Release|Any CPU
		{004C7E6F-11EB-4FAA-BE8A-C4A8B9BA7E5B}.Ad-Hoc|Any CPU.Deploy.0 = Release|Any CPU
		{004C7E6F-11EB-4FAA-BE8A-C4A8B9BA7E5B}.Ad-Hoc|ARM.ActiveCfg = Release|ARM
		{004C7E6F-11EB-4FAA-BE8A-C4A8B9BA7E5B}.Ad-Hoc|ARM.Build.0 = Release|ARM
		{004C7E6F-11EB-4FAA-BE8A-C4A8B9BA7E5B}.Ad-Hoc|ARM.Deploy.0 = Release|ARM
		{004C7E6F-11EB-4FAA-BE8A-C4A8B9BA7E5B}.Ad-Hoc|iPhone.ActiveCfg = Release|Any CPU
		{004C7E6F-11EB-4FAA-BE8A-C4A8B9BA7E5B}.Ad-Hoc|iPhone.Build.0 = Release|Any CPU
		{004C7E6F-11EB-4FAA-BE8A-C4A8B9BA7E5B}.Ad-Hoc|iPhone.Deploy.0 = Release|Any CPU
		{004C7E6F-11EB-4FAA-BE8A-C4A8B9BA7E5B}.Ad-Hoc|iPhoneSimulator.ActiveCfg = Release|Any CPU
		{004C7E6F-11EB-4FAA-BE8A-C4A8B9BA7E5B}.Ad-Hoc|iPhoneSimulator.Build.0 = Release|Any CPU
		{004C7E6F-11EB-4FAA-BE8A-C4A8B9BA7E5B}.Ad-Hoc|iPhoneSimulator.Deploy.0 = Release|Any CPU
		{004C7E6F-11EB-4FAA-BE8A-C4A8B9BA7E5B}.Ad-Hoc|x86.ActiveCfg = Release|x86
		{004C7E6F-11EB-4FAA-BE8A-C4A8B9BA7E5B}.Ad-Hoc|x86.Build.0 = Release|x86
		{004C7E6F-11EB-4FAA-BE8A-C4A8B9BA7E5B}.Ad-Hoc|x86.Deploy.0 = Release|x86
		{004C7E6F-11EB-4FAA-BE8A-C4A8B9BA7E5B}.AppStore|Any CPU.ActiveCfg = Release|Any CPU
		{004C7E6F-11EB-4FAA-BE8A-C4A8B9BA7E5B}.AppStore|Any CPU.Build.0 = Release|Any CPU
		{004C7E6F-11EB-4FAA-BE8A-C4A8B9BA7E5B}.AppStore|Any CPU.Deploy.0 = Release|Any CPU
		{004C7E6F-11EB-4FAA-BE8A-C4A8B9BA7E5B}.AppStore|ARM.ActiveCfg = Release|ARM
		{004C7E6F-11EB-4FAA-BE8A-C4A8B9BA7E5B}.AppStore|ARM.Build.0 = Release|ARM
		{004C7E6F-11EB-4FAA-BE8A-C4A8B9BA7E5B}.AppStore|ARM.Deploy.0 = Release|ARM
		{004C7E6F-11EB-4FAA-BE8A-C4A8B9BA7E5B}.AppStore|iPhone.ActiveCfg = Release|Any CPU
		{004C7E6F-11EB-4FAA-BE8A-C4A8B9BA7E5B}.AppStore|iPhone.Build.0 = Release|Any CPU
		{004C7E6F-11EB-4FAA-BE8A-C4A8B9BA7E5B}.AppStore|iPhone.Deploy.0 = Release|Any CPU
		{004C7E6F-11EB-4FAA-BE8A-C4A8B9BA7E5B}.AppStore|iPhoneSimulator.ActiveCfg = Release|Any CPU
		{004C7E6F-11EB-4FAA-BE8A-C4A8B9BA7E5B}.AppStore|iPhoneSimulator.Build.0 = Release|Any CPU
		{004C7E6F-11EB-4FAA-BE8A-C4A8B9BA7E5B}.AppStore|iPhoneSimulator.Deploy.0 = Release|Any CPU
		{004C7E6F-11EB-4FAA-BE8A-C4A8B9BA7E5B}.AppStore|x86.ActiveCfg = Release|x86
		{004C7E6F-11EB-4FAA-BE8A-C4A8B9BA7E5B}.AppStore|x86.Build.0 = Release|x86
		{004C7E6F-11EB-4FAA-BE8A-C4A8B9BA7E5B}.AppStore|x86.Deploy.0 = Release|x86
		{004C7E6F-11EB-4FAA-BE8A-C4A8B9BA7E5B}.Debug|Any CPU.ActiveCfg = Debug|Any CPU
		{004C7E6F-11EB-4FAA-BE8A-C4A8B9BA7E5B}.Debug|Any CPU.Build.0 = Debug|Any CPU
		{004C7E6F-11EB-4FAA-BE8A-C4A8B9BA7E5B}.Debug|Any CPU.Deploy.0 = Debug|Any CPU
		{004C7E6F-11EB-4FAA-BE8A-C4A8B9BA7E5B}.Debug|ARM.ActiveCfg = Debug|ARM
		{004C7E6F-11EB-4FAA-BE8A-C4A8B9BA7E5B}.Debug|ARM.Build.0 = Debug|ARM
		{004C7E6F-11EB-4FAA-BE8A-C4A8B9BA7E5B}.Debug|ARM.Deploy.0 = Debug|ARM
		{004C7E6F-11EB-4FAA-BE8A-C4A8B9BA7E5B}.Debug|iPhone.ActiveCfg = Debug|Any CPU
		{004C7E6F-11EB-4FAA-BE8A-C4A8B9BA7E5B}.Debug|iPhone.Build.0 = Debug|Any CPU
		{004C7E6F-11EB-4FAA-BE8A-C4A8B9BA7E5B}.Debug|iPhone.Deploy.0 = Debug|Any CPU
		{004C7E6F-11EB-4FAA-BE8A-C4A8B9BA7E5B}.Debug|iPhoneSimulator.ActiveCfg = Debug|Any CPU
		{004C7E6F-11EB-4FAA-BE8A-C4A8B9BA7E5B}.Debug|iPhoneSimulator.Build.0 = Debug|Any CPU
		{004C7E6F-11EB-4FAA-BE8A-C4A8B9BA7E5B}.Debug|iPhoneSimulator.Deploy.0 = Debug|Any CPU
		{004C7E6F-11EB-4FAA-BE8A-C4A8B9BA7E5B}.Debug|x86.ActiveCfg = Debug|x86
		{004C7E6F-11EB-4FAA-BE8A-C4A8B9BA7E5B}.Debug|x86.Build.0 = Debug|x86
		{004C7E6F-11EB-4FAA-BE8A-C4A8B9BA7E5B}.Debug|x86.Deploy.0 = Debug|x86
		{004C7E6F-11EB-4FAA-BE8A-C4A8B9BA7E5B}.Release|Any CPU.ActiveCfg = Release|Any CPU
		{004C7E6F-11EB-4FAA-BE8A-C4A8B9BA7E5B}.Release|Any CPU.Build.0 = Release|Any CPU
		{004C7E6F-11EB-4FAA-BE8A-C4A8B9BA7E5B}.Release|Any CPU.Deploy.0 = Release|Any CPU
		{004C7E6F-11EB-4FAA-BE8A-C4A8B9BA7E5B}.Release|ARM.ActiveCfg = Release|ARM
		{004C7E6F-11EB-4FAA-BE8A-C4A8B9BA7E5B}.Release|ARM.Build.0 = Release|ARM
		{004C7E6F-11EB-4FAA-BE8A-C4A8B9BA7E5B}.Release|ARM.Deploy.0 = Release|ARM
		{004C7E6F-11EB-4FAA-BE8A-C4A8B9BA7E5B}.Release|iPhone.ActiveCfg = Release|Any CPU
		{004C7E6F-11EB-4FAA-BE8A-C4A8B9BA7E5B}.Release|iPhone.Build.0 = Release|Any CPU
		{004C7E6F-11EB-4FAA-BE8A-C4A8B9BA7E5B}.Release|iPhone.Deploy.0 = Release|Any CPU
		{004C7E6F-11EB-4FAA-BE8A-C4A8B9BA7E5B}.Release|iPhoneSimulator.ActiveCfg = Release|Any CPU
		{004C7E6F-11EB-4FAA-BE8A-C4A8B9BA7E5B}.Release|iPhoneSimulator.Build.0 = Release|Any CPU
		{004C7E6F-11EB-4FAA-BE8A-C4A8B9BA7E5B}.Release|iPhoneSimulator.Deploy.0 = Release|Any CPU
		{004C7E6F-11EB-4FAA-BE8A-C4A8B9BA7E5B}.Release|x86.ActiveCfg = Release|x86
		{004C7E6F-11EB-4FAA-BE8A-C4A8B9BA7E5B}.Release|x86.Build.0 = Release|x86
		{004C7E6F-11EB-4FAA-BE8A-C4A8B9BA7E5B}.Release|x86.Deploy.0 = Release|x86
		{1DA77BCE-C114-4D23-9197-D0379D71E377}.Ad-Hoc|Any CPU.ActiveCfg = Release|Any CPU
		{1DA77BCE-C114-4D23-9197-D0379D71E377}.Ad-Hoc|Any CPU.Build.0 = Release|Any CPU
		{1DA77BCE-C114-4D23-9197-D0379D71E377}.Ad-Hoc|ARM.ActiveCfg = Release|Any CPU
		{1DA77BCE-C114-4D23-9197-D0379D71E377}.Ad-Hoc|ARM.Build.0 = Release|Any CPU
		{1DA77BCE-C114-4D23-9197-D0379D71E377}.Ad-Hoc|iPhone.ActiveCfg = Release|Any CPU
		{1DA77BCE-C114-4D23-9197-D0379D71E377}.Ad-Hoc|iPhone.Build.0 = Release|Any CPU
		{1DA77BCE-C114-4D23-9197-D0379D71E377}.Ad-Hoc|iPhoneSimulator.ActiveCfg = Release|Any CPU
		{1DA77BCE-C114-4D23-9197-D0379D71E377}.Ad-Hoc|iPhoneSimulator.Build.0 = Release|Any CPU
		{1DA77BCE-C114-4D23-9197-D0379D71E377}.Ad-Hoc|x86.ActiveCfg = Release|Any CPU
		{1DA77BCE-C114-4D23-9197-D0379D71E377}.Ad-Hoc|x86.Build.0 = Release|Any CPU
		{1DA77BCE-C114-4D23-9197-D0379D71E377}.AppStore|Any CPU.ActiveCfg = Release|Any CPU
		{1DA77BCE-C114-4D23-9197-D0379D71E377}.AppStore|Any CPU.Build.0 = Release|Any CPU
		{1DA77BCE-C114-4D23-9197-D0379D71E377}.AppStore|ARM.ActiveCfg = Release|Any CPU
		{1DA77BCE-C114-4D23-9197-D0379D71E377}.AppStore|ARM.Build.0 = Release|Any CPU
		{1DA77BCE-C114-4D23-9197-D0379D71E377}.AppStore|iPhone.ActiveCfg = Release|Any CPU
		{1DA77BCE-C114-4D23-9197-D0379D71E377}.AppStore|iPhone.Build.0 = Release|Any CPU
		{1DA77BCE-C114-4D23-9197-D0379D71E377}.AppStore|iPhoneSimulator.ActiveCfg = Release|Any CPU
		{1DA77BCE-C114-4D23-9197-D0379D71E377}.AppStore|iPhoneSimulator.Build.0 = Release|Any CPU
		{1DA77BCE-C114-4D23-9197-D0379D71E377}.AppStore|x86.ActiveCfg = Release|Any CPU
		{1DA77BCE-C114-4D23-9197-D0379D71E377}.AppStore|x86.Build.0 = Release|Any CPU
		{1DA77BCE-C114-4D23-9197-D0379D71E377}.Debug|Any CPU.ActiveCfg = Debug|Any CPU
		{1DA77BCE-C114-4D23-9197-D0379D71E377}.Debug|Any CPU.Build.0 = Debug|Any CPU
		{1DA77BCE-C114-4D23-9197-D0379D71E377}.Debug|ARM.ActiveCfg = Debug|Any CPU
		{1DA77BCE-C114-4D23-9197-D0379D71E377}.Debug|ARM.Build.0 = Debug|Any CPU
		{1DA77BCE-C114-4D23-9197-D0379D71E377}.Debug|iPhone.ActiveCfg = Debug|Any CPU
		{1DA77BCE-C114-4D23-9197-D0379D71E377}.Debug|iPhone.Build.0 = Debug|Any CPU
		{1DA77BCE-C114-4D23-9197-D0379D71E377}.Debug|iPhoneSimulator.ActiveCfg = Debug|Any CPU
		{1DA77BCE-C114-4D23-9197-D0379D71E377}.Debug|iPhoneSimulator.Build.0 = Debug|Any CPU
		{1DA77BCE-C114-4D23-9197-D0379D71E377}.Debug|x86.ActiveCfg = Debug|Any CPU
		{1DA77BCE-C114-4D23-9197-D0379D71E377}.Debug|x86.Build.0 = Debug|Any CPU
		{1DA77BCE-C114-4D23-9197-D0379D71E377}.Release|Any CPU.ActiveCfg = Release|Any CPU
		{1DA77BCE-C114-4D23-9197-D0379D71E377}.Release|Any CPU.Build.0 = Release|Any CPU
		{1DA77BCE-C114-4D23-9197-D0379D71E377}.Release|ARM.ActiveCfg = Release|Any CPU
		{1DA77BCE-C114-4D23-9197-D0379D71E377}.Release|ARM.Build.0 = Release|Any CPU
		{1DA77BCE-C114-4D23-9197-D0379D71E377}.Release|iPhone.ActiveCfg = Release|Any CPU
		{1DA77BCE-C114-4D23-9197-D0379D71E377}.Release|iPhone.Build.0 = Release|Any CPU
		{1DA77BCE-C114-4D23-9197-D0379D71E377}.Release|iPhoneSimulator.ActiveCfg = Release|Any CPU
		{1DA77BCE-C114-4D23-9197-D0379D71E377}.Release|iPhoneSimulator.Build.0 = Release|Any CPU
		{1DA77BCE-C114-4D23-9197-D0379D71E377}.Release|x86.ActiveCfg = Release|Any CPU
		{1DA77BCE-C114-4D23-9197-D0379D71E377}.Release|x86.Build.0 = Release|Any CPU
	EndGlobalSection
	GlobalSection(SolutionProperties) = preSolution
		HideSolutionNode = FALSE
	EndGlobalSection
EndGlobal
